{
  "object": {
    "pins": [
      {
        "package": "Lottie",
        "repositoryURL": "https://github.com/airbnb/lottie-ios.git",
        "state": {
          "branch": "master",
          "revision": "fc6554c090bf52e03d921f482136b533cdea047d",
          "version": null
        }
      }
    ]
  },
  "version": 1
}
